
Microsoft Visual Studio Solution File, Format Version 12.00
# Visual Studio Version 16
VisualStudioVersion = 16.0.33214.272
MinimumVisualStudioVersion = 10.0.40219.1
Project("{9A19103F-16F7-4668-BE54-9A1E7A4F7556}") = "ConsoleApp", "ConsoleApp.csproj", "{C42996E7-AB99-4173-8209-FAB6B627560D}"
EndProject
Global
	GlobalSection(SolutionConfigurationPlatforms) = preSolution
		Debug|Any CPU = Debug|Any CPU
		Release|Any CPU = Release|Any CPU
	EndGlobalSection
	GlobalSection(ProjectConfigurationPlatforms) = postSolution
		{C42996E7-AB99-4173-8209-FAB6B627560D}.Debug|Any CPU.ActiveCfg = Debug|Any CPU
		{C42996E7-AB99-4173-8209-FAB6B627560D}.Debug|Any CPU.Build.0 = Debug|Any CPU
		{C42996E7-AB99-4173-8209-FAB6B627560D}.Release|Any CPU.ActiveCfg = Release|Any CPU
		{C42996E7-AB99-4173-8209-FAB6B627560D}.Release|Any CPU.Build.0 = Release|Any CPU
	EndGlobalSection
	GlobalSection(SolutionProperties) = preSolution
		HideSolutionNode = FALSE
	EndGlobalSection
	GlobalSection(ExtensibilityGlobals) = postSolution
		SolutionGuid = {F7EC7AAC-DBDC-4A7F-998A-347DB0DF4913}
	EndGlobalSection
EndGlobal
